# Generated by pub
# See https://dart.dev/tools/pub/glossary#lockfile
packages:
  file:
    dependency: "direct main"
    description:
      name: file
      url: "https://pub.dartlang.org"
    source: hosted
    version: "5.2.1"
  intl:
    dependency: "direct main"
    description:
      name: intl
      url: "https://pub.dartlang.org"
    source: hosted
    version: "0.16.1"
  meta:
    dependency: "direct main"
    description:
      name: meta
      url: "https://pub.dartlang.org"
    source: hosted
    version: "1.1.8"
  path:
    dependency: "direct main"
    description:
      name: path
      url: "https://pub.dartlang.org"
    source: hosted
    version: "1.7.0"
  platform:
    dependency: "direct main"
    description:
      name: platform
      url: "https://pub.dartlang.org"
    source: hosted
    version: "2.2.1"
  process:
    dependency: "direct main"
    description:
      name: process
      url: "https://pub.dartlang.org"
    source: hosted
    version: "3.0.13"
sdks:
  dart: ">=2.5.0 <3.0.0"
